
Microsoft Visual Studio Solution File, Format Version 12.00
# Visual Studio Version 17
VisualStudioVersion = 17.0.32014.148
MinimumVisualStudioVersion = 10.0.40219.1
Project("{8BC9CEB8-8B4A-11D0-8D11-00A0C91BC942}") = "EclipseEngine", "EclipseEngine\EclipseEngine.vcxproj", "{674F6E98-51B1-4C73-B0C2-F2C402937C83}"
	ProjectSection(ProjectDependencies) = postProject
		{3CACE6F3-402C-46CB-B6A5-F53B3A190B25} = {3CACE6F3-402C-46CB-B6A5-F53B3A190B25}
	EndProjectSection
EndProject
Project("{8BC9CEB8-8B4A-11D0-8D11-00A0C91BC942}") = "VulkanRenderer", "VulkanRenderer\VulkanRenderer.vcxproj", "{3CACE6F3-402C-46CB-B6A5-F53B3A190B25}"
EndProject
Global
	GlobalSection(SolutionConfigurationPlatforms) = preSolution
		Debug|x64 = Debug|x64
		Debug|x86 = Debug|x86
		Release|x64 = Release|x64
		Release|x86 = Release|x86
	EndGlobalSection
	GlobalSection(ProjectConfigurationPlatforms) = postSolution
		{674F6E98-51B1-4C73-B0C2-F2C402937C83}.Debug|x64.ActiveCfg = Debug|x64
		{674F6E98-51B1-4C73-B0C2-F2C402937C83}.Debug|x64.Build.0 = Debug|x64
		{674F6E98-51B1-4C73-B0C2-F2C402937C83}.Debug|x86.ActiveCfg = Debug|Win32
		{674F6E98-51B1-4C73-B0C2-F2C402937C83}.Debug|x86.Build.0 = Debug|Win32
		{674F6E98-51B1-4C73-B0C2-F2C402937C83}.Release|x64.ActiveCfg = Release|x64
		{674F6E98-51B1-4C73-B0C2-F2C402937C83}.Release|x64.Build.0 = Release|x64
		{674F6E98-51B1-4C73-B0C2-F2C402937C83}.Release|x86.ActiveCfg = Release|Win32
		{674F6E98-51B1-4C73-B0C2-F2C402937C83}.Release|x86.Build.0 = Release|Win32
		{3CACE6F3-402C-46CB-B6A5-F53B3A190B25}.Debug|x64.ActiveCfg = Debug|x64
		{3CACE6F3-402C-46CB-B6A5-F53B3A190B25}.Debug|x64.Build.0 = Debug|x64
		{3CACE6F3-402C-46CB-B6A5-F53B3A190B25}.Debug|x86.ActiveCfg = Debug|Win32
		{3CACE6F3-402C-46CB-B6A5-F53B3A190B25}.Debug|x86.Build.0 = Debug|Win32
		{3CACE6F3-402C-46CB-B6A5-F53B3A190B25}.Release|x64.ActiveCfg = Release|x64
		{3CACE6F3-402C-46CB-B6A5-F53B3A190B25}.Release|x64.Build.0 = Release|x64
		{3CACE6F3-402C-46CB-B6A5-F53B3A190B25}.Release|x86.ActiveCfg = Release|Win32
		{3CACE6F3-402C-46CB-B6A5-F53B3A190B25}.Release|x86.Build.0 = Release|Win32
	EndGlobalSection
	GlobalSection(SolutionProperties) = preSolution
		HideSolutionNode = FALSE
	EndGlobalSection
	GlobalSection(ExtensibilityGlobals) = postSolution
		SolutionGuid = {CC1230C8-0C91-4AD5-8063-B8391B0A9023}
	EndGlobalSection
EndGlobal
