<?xml version="1.0" encoding="utf-8"?>
<Project ToolsVersion="4.0" xmlns="http://schemas.microsoft.com/developer/msbuild/2003">
  <ItemGroup>
    <Filter Include="Source Files">
      <UniqueIdentifier>{4FC737F1-C7A5-4376-A066-2A32D752A2FF}</UniqueIdentifier>
      <Extensions>cpp;c;cc;cxx;c++;cppm;ixx;def;odl;idl;hpj;bat;asm;asmx</Extensions>
    </Filter>
    <Filter Include="Header Files">
      <UniqueIdentifier>{93995380-89BD-4b04-88EB-625FBE52EBFB}</UniqueIdentifier>
      <Extensions>h;hh;hpp;hxx;h++;hm;inl;inc;ipp;xsd</Extensions>
    </Filter>
    <Filter Include="Resource Files">
      <UniqueIdentifier>{67DA6AB6-F800-4c08-8B7A-83BB121AAD01}</UniqueIdentifier>
      <Extensions>rc;ico;cur;bmp;dlg;rc2;rct;bin;rgs;gif;jpg;jpeg;jpe;resx;tiff;tif;png;wav;mfcribbon-ms</Extensions>
    </Filter>
    <Filter Include="Source Files\Renderer">
      <UniqueIdentifier>{1eb3de07-7f21-4da9-9c02-d1ff8298e43f}</UniqueIdentifier>
    </Filter>
    <Filter Include="Header Files\Renderer">
      <UniqueIdentifier>{fcac44da-ff7a-4cf0-bcd7-35062aa72647}</UniqueIdentifier>
    </Filter>
    <Filter Include="ImGui">
      <UniqueIdentifier>{b878dece-2d7b-4f47-a21c-c6e514e6c6c3}</UniqueIdentifier>
    </Filter>
    <Filter Include="Source Files\Renderer\RenderPasses">
      <UniqueIdentifier>{d7f7ad42-2438-44de-8b79-1c3c14ab5860}</UniqueIdentifier>
    </Filter>
    <Filter Include="Header Files\Renderer\RenderPasses">
      <UniqueIdentifier>{73340531-8121-481d-bc01-0df7bbf57b60}</UniqueIdentifier>
    </Filter>
    <Filter Include="Shader">
      <UniqueIdentifier>{ec01a51f-24fa-4ab8-a44b-be1bbbbf72f2}</UniqueIdentifier>
    </Filter>
    <Filter Include="Source Files\Renderer\Pipelines">
      <UniqueIdentifier>{694e9ec6-f3da-4165-b899-12571c75cf53}</UniqueIdentifier>
    </Filter>
    <Filter Include="Header Files\Renderer\Pipelines">
      <UniqueIdentifier>{ef239eea-81e2-4408-841f-9fb0d30d2156}</UniqueIdentifier>
    </Filter>
    <Filter Include="Source Files\Components">
      <UniqueIdentifier>{914c0408-6111-4474-afbd-db2ed48318cb}</UniqueIdentifier>
    </Filter>
    <Filter Include="Header Files\Components">
      <UniqueIdentifier>{97337bc2-e46c-4edf-98fe-e1745c1a65c3}</UniqueIdentifier>
    </Filter>
    <Filter Include="Shader\Include">
      <UniqueIdentifier>{f6cdc130-742c-4249-a076-407576bf962c}</UniqueIdentifier>
    </Filter>
    <Filter Include="Header Files\Managers">
      <UniqueIdentifier>{132a5d9a-9222-474c-ae00-ecb37bbf8ce0}</UniqueIdentifier>
    </Filter>
    <Filter Include="Source Files\Managers">
      <UniqueIdentifier>{2343821a-2587-4a55-b630-169164832903}</UniqueIdentifier>
    </Filter>
    <Filter Include="Shader\RayTraceShaders">
      <UniqueIdentifier>{04a36797-d126-4b4c-9f49-aa71a372337a}</UniqueIdentifier>
    </Filter>
    <Filter Include="Shader\RasterizationShaders">
      <UniqueIdentifier>{7e0a75e5-6c1e-4f28-946e-a5affa985a24}</UniqueIdentifier>
    </Filter>
    <Filter Include="Source Files\Animation">
      <UniqueIdentifier>{b69665f8-63e2-4ce7-b0dd-8c7ceb5f7ec4}</UniqueIdentifier>
    </Filter>
    <Filter Include="Header Files\Animation">
      <UniqueIdentifier>{c986aa8a-9850-458e-9bb5-ba22ee19b3ba}</UniqueIdentifier>
    </Filter>
    <Filter Include="Source Files\Texture">
      <UniqueIdentifier>{a7c9e716-2e17-4fc4-983f-8fddedeee147}</UniqueIdentifier>
    </Filter>
    <Filter Include="Header Files\Texture">
      <UniqueIdentifier>{d76f5dc7-a11a-466a-ab4c-f03a79275423}</UniqueIdentifier>
    </Filter>
    <Filter Include="Header Files\Lights">
      <UniqueIdentifier>{901a77cb-1f14-4c75-b769-6a1988ab8ca2}</UniqueIdentifier>
    </Filter>
    <Filter Include="Source Files\Lights">
      <UniqueIdentifier>{ec99c896-1d36-4605-a6c1-c2fceac0fc2b}</UniqueIdentifier>
    </Filter>
    <Filter Include="Source Files\Renderer\Renderers">
      <UniqueIdentifier>{f5ba371a-f0b0-4e23-b87b-b5ffe8ce15e7}</UniqueIdentifier>
    </Filter>
    <Filter Include="Header Files\Renderer\Renderers">
      <UniqueIdentifier>{b9797e89-26f8-47e3-8649-393baac05f51}</UniqueIdentifier>
    </Filter>
    <Filter Include="Source Files\Engine">
      <UniqueIdentifier>{6510f7e7-cc4c-4340-bfb5-5faccb01a934}</UniqueIdentifier>
    </Filter>
    <Filter Include="Header Files\Engine">
      <UniqueIdentifier>{5b3e22a4-a2bb-4c75-8bd2-7cc960facf73}</UniqueIdentifier>
    </Filter>
    <Filter Include="OpenAL">
      <UniqueIdentifier>{05c1ce06-0b15-4383-8275-c698adcabe2f}</UniqueIdentifier>
    </Filter>
    <Filter Include="Source Files\Engine\Audio">
      <UniqueIdentifier>{7dac6f5e-c57f-4c6e-93f3-e773e13928d8}</UniqueIdentifier>
    </Filter>
    <Filter Include="Header Files\Engine\Audio">
      <UniqueIdentifier>{c9d80398-6aa0-4d9d-8548-70353ec85d31}</UniqueIdentifier>
    </Filter>
    <Filter Include="Header Files\Engine\Renderer">
      <UniqueIdentifier>{395d9d85-e7a6-4fbb-b9d9-1496577d2d35}</UniqueIdentifier>
    </Filter>
    <Filter Include="Source Files\Engine\Renderer">
      <UniqueIdentifier>{010b9ac7-57a6-48c3-97d3-b50f2c0f6e25}</UniqueIdentifier>
    </Filter>
    <Filter Include="Source Files\Mesh">
      <UniqueIdentifier>{a2ef9d79-1451-428c-94ca-fe146fb42800}</UniqueIdentifier>
    </Filter>
    <Filter Include="Header Files\Mesh">
      <UniqueIdentifier>{d9de9665-2af1-40ff-957f-6b3b18d3ae52}</UniqueIdentifier>
    </Filter>
    <Filter Include="Source Files\Level2D">
      <UniqueIdentifier>{3e97ef51-4967-4e42-a153-883cc2bdb238}</UniqueIdentifier>
    </Filter>
    <Filter Include="Header Files\Level2D">
      <UniqueIdentifier>{5b81075e-516d-411e-b929-e1b51d2ad31c}</UniqueIdentifier>
    </Filter>
    <Filter Include="Source Files\Camera">
      <UniqueIdentifier>{fac3b529-ffb0-4879-8f51-3836ebb247fb}</UniqueIdentifier>
    </Filter>
    <Filter Include="Header Files\Camera">
      <UniqueIdentifier>{b80fa636-adf7-469f-9c5f-c0f98cb91406}</UniqueIdentifier>
    </Filter>
    <Filter Include="Header Files\GameObjects">
      <UniqueIdentifier>{f5fb0dc7-f0d8-441e-b136-a440d6587af2}</UniqueIdentifier>
    </Filter>
    <Filter Include="Source Files\GameObjects">
      <UniqueIdentifier>{d4b2f50b-e645-4e1f-9e1e-4d4bc9e95ec8}</UniqueIdentifier>
    </Filter>
    <Filter Include="Shader\ComputeShaders">
      <UniqueIdentifier>{b4a60ae6-8a5a-4415-a22e-92dc21a94e6a}</UniqueIdentifier>
    </Filter>
  </ItemGroup>
  <ItemGroup>
    <ClCompile Include="Main.cpp">
      <Filter>Source Files</Filter>
    </ClCompile>
    <ClCompile Include="InterfaceRenderPass.cpp">
      <Filter>Source Files\Renderer\RenderPasses</Filter>
    </ClCompile>
    <ClCompile Include="RenderPass.cpp">
      <Filter>Source Files\Renderer\RenderPasses</Filter>
    </ClCompile>
    <ClCompile Include="FrameBufferRenderPass.cpp">
      <Filter>Source Files\Renderer\RenderPasses</Filter>
    </ClCompile>
    <ClCompile Include="RenderPass2D.cpp">
      <Filter>Source Files\Renderer\RenderPasses</Filter>
    </ClCompile>
    <ClCompile Include="Component.cpp">
      <Filter>Source Files\Components</Filter>
    </ClCompile>
    <ClCompile Include="ImGui\imgui.cpp">
      <Filter>ImGui</Filter>
    </ClCompile>
    <ClCompile Include="ImGui\imgui_demo.cpp">
      <Filter>ImGui</Filter>
    </ClCompile>
    <ClCompile Include="ImGui\imgui_draw.cpp">
      <Filter>ImGui</Filter>
    </ClCompile>
    <ClCompile Include="ImGui\imgui_impl_glfw.cpp">
      <Filter>ImGui</Filter>
    </ClCompile>
    <ClCompile Include="ImGui\imgui_impl_vulkan.cpp">
      <Filter>ImGui</Filter>
    </ClCompile>
    <ClCompile Include="ImGui\imgui_tables.cpp">
      <Filter>ImGui</Filter>
    </ClCompile>
    <ClCompile Include="ImGui\imgui_widgets.cpp">
      <Filter>ImGui</Filter>
    </ClCompile>
    <ClCompile Include="BlinnPhongRenderPass.cpp">
      <Filter>Source Files\Renderer\RenderPasses</Filter>
    </ClCompile>
    <ClCompile Include="ComponentRenderer.cpp">
      <Filter>Source Files\Components</Filter>
    </ClCompile>
    <ClCompile Include="Material.cpp">
      <Filter>Source Files</Filter>
    </ClCompile>
    <ClCompile Include="TextureManager.cpp">
      <Filter>Source Files\Managers</Filter>
    </ClCompile>
    <ClCompile Include="MaterialManager.cpp">
      <Filter>Source Files\Managers</Filter>
    </ClCompile>
    <ClCompile Include="RayTraceRenderPass.cpp">
      <Filter>Source Files\Renderer\RenderPasses</Filter>
    </ClCompile>
    <ClCompile Include="RayTracingPipeline.cpp">
      <Filter>Source Files\Renderer\Pipelines</Filter>
    </ClCompile>
    <ClCompile Include="Bone.cpp">
      <Filter>Source Files\Animation</Filter>
    </ClCompile>
    <ClCompile Include="MeshRendererManager.cpp">
      <Filter>Source Files\Managers</Filter>
    </ClCompile>
    <ClCompile Include="TopLevelAccelerationStructureManager.cpp">
      <Filter>Source Files\Managers</Filter>
    </ClCompile>
    <ClCompile Include="MeshPickerRenderPass3D.cpp">
      <Filter>Source Files\Renderer\RenderPasses</Filter>
    </ClCompile>
    <ClCompile Include="MeshPickerRenderPass2D.cpp">
      <Filter>Source Files\Renderer\RenderPasses</Filter>
    </ClCompile>
    <ClCompile Include="Texture2D.cpp">
      <Filter>Source Files\Texture</Filter>
    </ClCompile>
    <ClCompile Include="ReadableTexture.cpp">
      <Filter>Source Files\Texture</Filter>
    </ClCompile>
    <ClCompile Include="RenderedColorTexture.cpp">
      <Filter>Source Files\Texture</Filter>
    </ClCompile>
    <ClCompile Include="RenderedDepthTexture.cpp">
      <Filter>Source Files\Texture</Filter>
    </ClCompile>
    <ClCompile Include="RenderedTexture.cpp">
      <Filter>Source Files\Texture</Filter>
    </ClCompile>
    <ClCompile Include="Texture.cpp">
      <Filter>Source Files\Texture</Filter>
    </ClCompile>
    <ClCompile Include="LightManager.cpp">
      <Filter>Source Files\Managers</Filter>
    </ClCompile>
    <ClCompile Include="DirectionalLight.cpp">
      <Filter>Source Files\Lights</Filter>
    </ClCompile>
    <ClCompile Include="PointLight.cpp">
      <Filter>Source Files\Lights</Filter>
    </ClCompile>
    <ClCompile Include="SpotLight.cpp">
      <Filter>Source Files\Lights</Filter>
    </ClCompile>
    <ClCompile Include="BlinnPhongRenderer.cpp">
      <Filter>Source Files\Renderer\Renderers</Filter>
    </ClCompile>
    <ClCompile Include="RayTraceRenderer.cpp">
      <Filter>Source Files\Renderer\Renderers</Filter>
    </ClCompile>
    <ClCompile Include="Renderer2D.cpp">
      <Filter>Source Files\Renderer\Renderers</Filter>
    </ClCompile>
    <ClCompile Include="RaytraceHybridPass.cpp">
      <Filter>Source Files\Renderer\RenderPasses</Filter>
    </ClCompile>
    <ClCompile Include="HybridRenderer.cpp">
      <Filter>Source Files\Renderer\Renderers</Filter>
    </ClCompile>
    <ClCompile Include="GBufferRenderPass.cpp">
      <Filter>Source Files\Renderer\RenderPasses</Filter>
    </ClCompile>
    <ClCompile Include="RenderPassImageManager.cpp">
      <Filter>Source Files\Managers</Filter>
    </ClCompile>
    <ClCompile Include="DeferredRenderPass.cpp">
      <Filter>Source Files\Renderer\RenderPasses</Filter>
    </ClCompile>
    <ClCompile Include="CubeMapTexture.cpp">
      <Filter>Source Files\Texture</Filter>
    </ClCompile>
    <ClCompile Include="EnvironmentTexture.cpp">
      <Filter>Source Files\Texture</Filter>
    </ClCompile>
    <ClCompile Include="PBRRenderer.cpp">
      <Filter>Source Files\Renderer\Renderers</Filter>
    </ClCompile>
    <ClCompile Include="PBRRenderPass.cpp">
      <Filter>Source Files\Renderer\RenderPasses</Filter>
    </ClCompile>
    <ClCompile Include="EnvironmentToCubeRenderPass.cpp">
      <Filter>Source Files\Renderer\RenderPasses</Filter>
    </ClCompile>
    <ClCompile Include="RenderedCubeMapTexture.cpp">
      <Filter>Source Files\Texture</Filter>
    </ClCompile>
    <ClCompile Include="PrefilterRenderPass.cpp">
      <Filter>Source Files\Renderer\RenderPasses</Filter>
    </ClCompile>
    <ClCompile Include="IrradianceRenderPass.cpp">
      <Filter>Source Files\Renderer\RenderPasses</Filter>
    </ClCompile>
    <ClCompile Include="BRDFRenderPass.cpp">
      <Filter>Source Files\Renderer\RenderPasses</Filter>
    </ClCompile>
    <ClCompile Include="SceneManager.cpp">
      <Filter>Source Files\Managers</Filter>
    </ClCompile>
    <ClCompile Include="Scene.cpp">
      <Filter>Source Files</Filter>
    </ClCompile>
    <ClCompile Include="PBRReflectionRenderPass.cpp">
      <Filter>Source Files\Renderer\RenderPasses</Filter>
    </ClCompile>
    <ClCompile Include="RenderedCubeMapDepthTexture.cpp">
      <Filter>Source Files\Texture</Filter>
    </ClCompile>
    <ClCompile Include="DepthRenderPass.cpp">
      <Filter>Source Files\Renderer\RenderPasses</Filter>
    </ClCompile>
    <ClCompile Include="DepthDebugRenderPass.cpp">
      <Filter>Source Files\Renderer\RenderPasses</Filter>
    </ClCompile>
    <ClCompile Include="SoundDevice.cpp">
      <Filter>Source Files\Engine\Audio</Filter>
    </ClCompile>
    <ClCompile Include="SoundSource.cpp">
      <Filter>Source Files\Engine\Audio</Filter>
    </ClCompile>
    <ClCompile Include="MusicPlayer.cpp">
      <Filter>Source Files\Engine\Audio</Filter>
    </ClCompile>
    <ClCompile Include="SoundEffectManager.cpp">
      <Filter>Source Files\Managers</Filter>
    </ClCompile>
    <ClCompile Include="GameObjectManager.cpp">
      <Filter>Source Files\Managers</Filter>
    </ClCompile>
    <ClCompile Include="Model.cpp">
      <Filter>Source Files\Mesh</Filter>
    </ClCompile>
    <ClCompile Include="Mesh.cpp">
      <Filter>Source Files\Mesh</Filter>
    </ClCompile>
    <ClCompile Include="Mesh2D.cpp">
      <Filter>Source Files\Mesh</Filter>
    </ClCompile>
    <ClCompile Include="Mesh3D.cpp">
      <Filter>Source Files\Mesh</Filter>
    </ClCompile>
    <ClCompile Include="LineMesh3D.cpp">
      <Filter>Source Files\Mesh</Filter>
    </ClCompile>
    <ClCompile Include="SkyboxMesh.cpp">
      <Filter>Source Files\Mesh</Filter>
    </ClCompile>
    <ClCompile Include="LineMesh2D.cpp">
      <Filter>Source Files\Mesh</Filter>
    </ClCompile>
    <ClCompile Include="Level2DRenderer.cpp">
      <Filter>Source Files\Components</Filter>
    </ClCompile>
    <ClCompile Include="Tile.cpp">
      <Filter>Source Files\Level2D</Filter>
    </ClCompile>
    <ClCompile Include="LineRenderer3D.cpp">
      <Filter>Source Files\GameObjects</Filter>
    </ClCompile>
    <ClCompile Include="LineRenderer2D.cpp">
      <Filter>Source Files\GameObjects</Filter>
    </ClCompile>
    <ClCompile Include="GridRenderer2D.cpp">
      <Filter>Source Files\GameObjects</Filter>
    </ClCompile>
    <ClCompile Include="GridRenderer3D.cpp">
      <Filter>Source Files\GameObjects</Filter>
    </ClCompile>
    <ClCompile Include="BillBoardMeshRenderer.cpp">
      <Filter>Source Files\GameObjects</Filter>
    </ClCompile>
    <ClCompile Include="Level2D.cpp">
      <Filter>Source Files\Level2D</Filter>
    </ClCompile>
    <ClCompile Include="SpriteRenderer.cpp">
      <Filter>Source Files\GameObjects</Filter>
    </ClCompile>
    <ClCompile Include="ModelRenderer.cpp">
      <Filter>Source Files\GameObjects</Filter>
    </ClCompile>
    <ClCompile Include="MeshRenderer.cpp">
      <Filter>Source Files\GameObjects</Filter>
    </ClCompile>
    <ClCompile Include="Renderer3DPipeline.cpp">
      <Filter>Source Files\Renderer\Pipelines</Filter>
    </ClCompile>
    <ClCompile Include="SkyboxPipeline.cpp">
      <Filter>Source Files\Renderer\Pipelines</Filter>
    </ClCompile>
    <ClCompile Include="LinePipeline.cpp">
      <Filter>Source Files\Renderer\Pipelines</Filter>
    </ClCompile>
    <ClCompile Include="WireFramePipeline.cpp">
      <Filter>Source Files\Renderer\Pipelines</Filter>
    </ClCompile>
    <ClCompile Include="BillboardPipeline.cpp">
      <Filter>Source Files\Renderer\Pipelines</Filter>
    </ClCompile>
    <ClCompile Include="DepthPipeline.cpp">
      <Filter>Source Files\Renderer\Pipelines</Filter>
    </ClCompile>
    <ClCompile Include="GBufferPipeline.cpp">
      <Filter>Source Files\Renderer\Pipelines</Filter>
    </ClCompile>
    <ClCompile Include="BRDFPipeline.cpp">
      <Filter>Source Files\Renderer\Pipelines</Filter>
    </ClCompile>
    <ClCompile Include="DeferredRendererPipeline.cpp">
      <Filter>Source Files\Renderer\Pipelines</Filter>
    </ClCompile>
    <ClCompile Include="DepthDebugPipeline.cpp">
      <Filter>Source Files\Renderer\Pipelines</Filter>
    </ClCompile>
    <ClCompile Include="EnvironmentToCubePipeline.cpp">
      <Filter>Source Files\Renderer\Pipelines</Filter>
    </ClCompile>
    <ClCompile Include="FrameBufferPipeline.cpp">
      <Filter>Source Files\Renderer\Pipelines</Filter>
    </ClCompile>
    <ClCompile Include="IrradiancePipeline.cpp">
      <Filter>Source Files\Renderer\Pipelines</Filter>
    </ClCompile>
    <ClCompile Include="MeshPicker2DPipeline.cpp">
      <Filter>Source Files\Renderer\Pipelines</Filter>
    </ClCompile>
    <ClCompile Include="MeshPicker3DPipeline.cpp">
      <Filter>Source Files\Renderer\Pipelines</Filter>
    </ClCompile>
    <ClCompile Include="PBRReflectionPipeline.cpp">
      <Filter>Source Files\Renderer\Pipelines</Filter>
    </ClCompile>
    <ClCompile Include="PBRPipeline.cpp">
      <Filter>Source Files\Renderer\Pipelines</Filter>
    </ClCompile>
    <ClCompile Include="OutLinePipeline.cpp">
      <Filter>Source Files\Renderer\Pipelines</Filter>
    </ClCompile>
    <ClCompile Include="PrefilterPipeline.cpp">
      <Filter>Source Files\Renderer\Pipelines</Filter>
    </ClCompile>
    <ClCompile Include="Renderer2DPipeline.cpp">
      <Filter>Source Files\Renderer\Pipelines</Filter>
    </ClCompile>
    <ClCompile Include="CubeMapSamplerPipeline.cpp">
      <Filter>Source Files\Renderer\Pipelines</Filter>
    </ClCompile>
    <ClCompile Include="PerspectiveCamera.cpp">
      <Filter>Source Files\Camera</Filter>
    </ClCompile>
    <ClCompile Include="OrthographicCamera.cpp">
      <Filter>Source Files\Camera</Filter>
    </ClCompile>
    <ClCompile Include="CubeSamplerCamera.cpp">
      <Filter>Source Files\Camera</Filter>
    </ClCompile>
    <ClCompile Include="Camera.cpp">
      <Filter>Source Files\Camera</Filter>
    </ClCompile>
    <ClCompile Include="GameObject.cpp">
      <Filter>Source Files\GameObjects</Filter>
    </ClCompile>
    <ClCompile Include="GameObject2D.cpp">
      <Filter>Source Files\GameObjects</Filter>
    </ClCompile>
    <ClCompile Include="GameObject3D.cpp">
      <Filter>Source Files\GameObjects</Filter>
    </ClCompile>
    <ClCompile Include="DepthCubeMapDebuggerRenderer.cpp">
      <Filter>Source Files\Renderer\RenderPasses</Filter>
    </ClCompile>
    <ClCompile Include="DepthCubeMapRenderer.cpp">
      <Filter>Source Files\Renderer\RenderPasses</Filter>
    </ClCompile>
    <ClCompile Include="DepthCubeMapPipeline.cpp">
      <Filter>Source Files\Renderer\Pipelines</Filter>
    </ClCompile>
    <ClCompile Include="PBRRealTimeRenderer.cpp">
      <Filter>Source Files\Renderer\Renderers</Filter>
    </ClCompile>
    <ClCompile Include="PBRInstancePipeline.cpp">
      <Filter>Source Files\Renderer\Pipelines</Filter>
    </ClCompile>
    <ClCompile Include="DepthInstancedPipeline.cpp">
      <Filter>Source Files\Renderer\Pipelines</Filter>
    </ClCompile>
    <ClCompile Include="PBRInstancedReflectionPipeline.cpp">
      <Filter>Source Files\Renderer\Pipelines</Filter>
    </ClCompile>
    <ClCompile Include="AnimationPlayer3D.cpp">
      <Filter>Source Files\Animation</Filter>
    </ClCompile>
    <ClCompile Include="Animation3D.cpp">
      <Filter>Source Files\Animation</Filter>
    </ClCompile>
    <ClCompile Include="ComputeAnimationPipeline.cpp">
      <Filter>Source Files\Renderer\Pipelines</Filter>
    </ClCompile>
    <ClCompile Include="PBRBloomPipeline.cpp">
      <Filter>Source Files\Renderer\Pipelines</Filter>
    </ClCompile>
    <ClCompile Include="PBRBloomRenderPass.cpp">
      <Filter>Source Files\Renderer\RenderPasses</Filter>
    </ClCompile>
    <ClCompile Include="GaussianBlurPipeline.cpp">
      <Filter>Source Files\Renderer\Pipelines</Filter>
    </ClCompile>
    <ClCompile Include="GaussianBlurRenderPass.cpp">
      <Filter>Source Files\Renderer\RenderPasses</Filter>
    </ClCompile>
    <ClCompile Include="BloomCombinePipeline.cpp">
      <Filter>Source Files\Renderer\Pipelines</Filter>
    </ClCompile>
    <ClCompile Include="BloomCombineRenderPass.cpp">
      <Filter>Source Files\Renderer\RenderPasses</Filter>
    </ClCompile>
    <ClCompile Include="PBRBloomReflectionRenderPass.cpp">
      <Filter>Source Files\Renderer\RenderPasses</Filter>
    </ClCompile>
    <ClCompile Include="PBRBloomReflectionPipeline.cpp">
      <Filter>Source Files\Renderer\Pipelines</Filter>
    </ClCompile>
    <ClCompile Include="LightDebugPipeline.cpp">
      <Filter>Source Files\Renderer\Pipelines</Filter>
    </ClCompile>
    <ClCompile Include="Particle.cpp">
      <Filter>Source Files\Mesh</Filter>
    </ClCompile>
    <ClCompile Include="CubeToEnvironmentRenderPass.cpp">
      <Filter>Source Files\Renderer\RenderPasses</Filter>
    </ClCompile>
    <ClCompile Include="CubeToEnvironmentPipeline.cpp">
      <Filter>Source Files\Renderer\Pipelines</Filter>
    </ClCompile>
    <ClCompile Include="TextureAtlus.cpp">
      <Filter>Source Files\Texture</Filter>
    </ClCompile>
    <ClCompile Include="BakedTexture.cpp">
      <Filter>Source Files\Texture</Filter>
    </ClCompile>
    <ClCompile Include="PBRReflectionPreRenderPass.cpp">
      <Filter>Source Files\Renderer\RenderPasses</Filter>
    </ClCompile>
    <ClCompile Include="TextureBaker.cpp">
      <Filter>Source Files\Texture</Filter>
    </ClCompile>
    <ClCompile Include="RayTracePBRRenderPass.cpp">
      <Filter>Source Files\Renderer\RenderPasses</Filter>
    </ClCompile>
    <ClCompile Include="RayTracePBRRenderer.cpp">
      <Filter>Source Files\Renderer\Renderers</Filter>
    </ClCompile>
    <ClCompile Include="PBRBakeReflectionPipeline.cpp">
      <Filter>Source Files\Renderer\Pipelines</Filter>
    </ClCompile>
    <ClCompile Include="ConstMeshInfo.cpp">
      <Filter>Source Files</Filter>
    </ClCompile>
    <ClCompile Include="InstanceMesh.cpp">
      <Filter>Source Files\Mesh</Filter>
    </ClCompile>
    <ClCompile Include="ParticleSystem.cpp">
      <Filter>Source Files\Mesh</Filter>
    </ClCompile>
    <ClCompile Include="ParticalSystemRenderer.cpp">
      <Filter>Source Files\GameObjects</Filter>
    </ClCompile>
  </ItemGroup>
  <ItemGroup>
    <ClInclude Include="InterfaceRenderPass.h">
      <Filter>Header Files\Renderer\RenderPasses</Filter>
    </ClInclude>
    <ClInclude Include="Vertex.h">
      <Filter>Header Files</Filter>
    </ClInclude>
    <ClInclude Include="Pixel.h">
      <Filter>Header Files</Filter>
    </ClInclude>
    <ClInclude Include="RenderPass.h">
      <Filter>Header Files\Renderer\RenderPasses</Filter>
    </ClInclude>
    <ClInclude Include="FrameBufferRenderPass.h">
      <Filter>Header Files\Renderer\RenderPasses</Filter>
    </ClInclude>
    <ClInclude Include="Component.h">
      <Filter>Header Files\Components</Filter>
    </ClInclude>
    <ClInclude Include="ImGui\imconfig.h">
      <Filter>ImGui</Filter>
    </ClInclude>
    <ClInclude Include="ImGui\imgui.h">
      <Filter>ImGui</Filter>
    </ClInclude>
    <ClInclude Include="ImGui\imgui_impl_glfw.h">
      <Filter>ImGui</Filter>
    </ClInclude>
    <ClInclude Include="ImGui\imgui_impl_vulkan.h">
      <Filter>ImGui</Filter>
    </ClInclude>
    <ClInclude Include="ImGui\imgui_internal.h">
      <Filter>ImGui</Filter>
    </ClInclude>
    <ClInclude Include="ImGui\imstb_rectpack.h">
      <Filter>ImGui</Filter>
    </ClInclude>
    <ClInclude Include="ImGui\imstb_textedit.h">
      <Filter>ImGui</Filter>
    </ClInclude>
    <ClInclude Include="ImGui\imstb_truetype.h">
      <Filter>ImGui</Filter>
    </ClInclude>
    <ClInclude Include="ComponentRenderer.h">
      <Filter>Header Files\Components</Filter>
    </ClInclude>
    <ClInclude Include="TextureManager.h">
      <Filter>Header Files\Managers</Filter>
    </ClInclude>
    <ClInclude Include="GameObjectManager.h">
      <Filter>Header Files\Managers</Filter>
    </ClInclude>
    <ClInclude Include="Material.h">
      <Filter>Header Files</Filter>
    </ClInclude>
    <ClInclude Include="MaterialManager.h">
      <Filter>Header Files\Managers</Filter>
    </ClInclude>
    <ClInclude Include="Math.h">
      <Filter>Header Files</Filter>
    </ClInclude>
    <ClInclude Include="BlinnPhongRenderPass.h">
      <Filter>Header Files\Renderer\RenderPasses</Filter>
    </ClInclude>
    <ClInclude Include="RayTracingPipeline.h">
      <Filter>Header Files\Renderer\Pipelines</Filter>
    </ClInclude>
    <ClInclude Include="RayTraceRenderPass.h">
      <Filter>Header Files\Renderer\RenderPasses</Filter>
    </ClInclude>
    <ClInclude Include="RenderPass2D.h">
      <Filter>Header Files\Renderer\RenderPasses</Filter>
    </ClInclude>
    <ClInclude Include="Bone.h">
      <Filter>Header Files\Animation</Filter>
    </ClInclude>
    <ClInclude Include="Converters.h">
      <Filter>Header Files</Filter>
    </ClInclude>
    <ClInclude Include="MeshRendererManager.h">
      <Filter>Header Files\Managers</Filter>
    </ClInclude>
    <ClInclude Include="TopLevelAccelerationStructureManager.h">
      <Filter>Header Files\Managers</Filter>
    </ClInclude>
    <ClInclude Include="MeshPickerRenderPass3D.h">
      <Filter>Header Files\Renderer\RenderPasses</Filter>
    </ClInclude>
    <ClInclude Include="MeshPickerRenderPass2D.h">
      <Filter>Header Files\Renderer\RenderPasses</Filter>
    </ClInclude>
    <ClInclude Include="Texture2D.h">
      <Filter>Header Files\Texture</Filter>
    </ClInclude>
    <ClInclude Include="RenderedColorTexture.h">
      <Filter>Header Files\Texture</Filter>
    </ClInclude>
    <ClInclude Include="RenderedDepthTexture.h">
      <Filter>Header Files\Texture</Filter>
    </ClInclude>
    <ClInclude Include="RenderedTexture.h">
      <Filter>Header Files\Texture</Filter>
    </ClInclude>
    <ClInclude Include="Texture.h">
      <Filter>Header Files\Texture</Filter>
    </ClInclude>
    <ClInclude Include="ReadableTexture.h">
      <Filter>Header Files\Texture</Filter>
    </ClInclude>
    <ClInclude Include="LightManager.h">
      <Filter>Header Files\Managers</Filter>
    </ClInclude>
    <ClInclude Include="Light.h">
      <Filter>Header Files\Lights</Filter>
    </ClInclude>
    <ClInclude Include="DirectionalLight.h">
      <Filter>Header Files\Lights</Filter>
    </ClInclude>
    <ClInclude Include="PointLight.h">
      <Filter>Header Files\Lights</Filter>
    </ClInclude>
    <ClInclude Include="SpotLight.h">
      <Filter>Header Files\Lights</Filter>
    </ClInclude>
    <ClInclude Include="BlinnPhongRenderer.h">
      <Filter>Header Files\Renderer\Renderers</Filter>
    </ClInclude>
    <ClInclude Include="RayTraceRenderer.h">
      <Filter>Header Files\Renderer\Renderers</Filter>
    </ClInclude>
    <ClInclude Include="Renderer2D.h">
      <Filter>Header Files\Renderer\Renderers</Filter>
    </ClInclude>
    <ClInclude Include="RaytraceHybridPass.h">
      <Filter>Header Files\Renderer\RenderPasses</Filter>
    </ClInclude>
    <ClInclude Include="HybridRenderer.h">
      <Filter>Header Files\Renderer\Renderers</Filter>
    </ClInclude>
    <ClInclude Include="GBufferRenderPass.h">
      <Filter>Header Files\Renderer\RenderPasses</Filter>
    </ClInclude>
    <ClInclude Include="RenderPassImageManager.h">
      <Filter>Header Files\Managers</Filter>
    </ClInclude>
    <ClInclude Include="DeferredRenderPass.h">
      <Filter>Header Files\Renderer\RenderPasses</Filter>
    </ClInclude>
    <ClInclude Include="EnvironmentTexture.h">
      <Filter>Header Files\Texture</Filter>
    </ClInclude>
    <ClInclude Include="CubeMapTexture.h">
      <Filter>Header Files\Texture</Filter>
    </ClInclude>
    <ClInclude Include="PBRRenderer.h">
      <Filter>Header Files\Renderer\Renderers</Filter>
    </ClInclude>
    <ClInclude Include="PBRRenderPass.h">
      <Filter>Header Files\Renderer\RenderPasses</Filter>
    </ClInclude>
    <ClInclude Include="EnvironmentToCubeRenderPass.h">
      <Filter>Header Files\Renderer\RenderPasses</Filter>
    </ClInclude>
    <ClInclude Include="RenderedCubeMapTexture.h">
      <Filter>Header Files\Texture</Filter>
    </ClInclude>
    <ClInclude Include="IrradianceRenderPass.h">
      <Filter>Header Files\Renderer\RenderPasses</Filter>
    </ClInclude>
    <ClInclude Include="PrefilterRenderPass.h">
      <Filter>Header Files\Renderer\RenderPasses</Filter>
    </ClInclude>
    <ClInclude Include="SceneManager.h">
      <Filter>Header Files\Managers</Filter>
    </ClInclude>
    <ClInclude Include="BRDFRenderPass.h">
      <Filter>Header Files\Renderer\RenderPasses</Filter>
    </ClInclude>
    <ClInclude Include="JsonConverter.h">
      <Filter>Header Files</Filter>
    </ClInclude>
    <ClInclude Include="PBRReflectionRenderPass.h">
      <Filter>Header Files\Managers</Filter>
    </ClInclude>
    <ClInclude Include="RenderedCubeMapDepthTexture.h">
      <Filter>Header Files\Texture</Filter>
    </ClInclude>
    <ClInclude Include="SoundDevice.h">
      <Filter>Header Files\Engine\Audio</Filter>
    </ClInclude>
    <ClInclude Include="Scene.h">
      <Filter>Header Files</Filter>
    </ClInclude>
    <ClInclude Include="UniformBuffer.h">
      <Filter>Header Files\Engine\Renderer</Filter>
    </ClInclude>
    <ClInclude Include="SoundSource.h">
      <Filter>Header Files\Engine\Audio</Filter>
    </ClInclude>
    <ClInclude Include="MusicPlayer.h">
      <Filter>Header Files\Engine\Audio</Filter>
    </ClInclude>
    <ClInclude Include="SoundEffectManager.h">
      <Filter>Header Files\Managers</Filter>
    </ClInclude>
    <ClInclude Include="Model.h">
      <Filter>Header Files\Mesh</Filter>
    </ClInclude>
    <ClInclude Include="Mesh2D.h">
      <Filter>Header Files\Mesh</Filter>
    </ClInclude>
    <ClInclude Include="Mesh3D.h">
      <Filter>Header Files\Mesh</Filter>
    </ClInclude>
    <ClInclude Include="Mesh.h">
      <Filter>Header Files\Mesh</Filter>
    </ClInclude>
    <ClInclude Include="LineMesh3D.h">
      <Filter>Header Files\Mesh</Filter>
    </ClInclude>
    <ClInclude Include="SkyboxMesh.h">
      <Filter>Header Files\Mesh</Filter>
    </ClInclude>
    <ClInclude Include="LineMesh2D.h">
      <Filter>Header Files\Mesh</Filter>
    </ClInclude>
    <ClInclude Include="Level2DRenderer.h">
      <Filter>Header Files\Components</Filter>
    </ClInclude>
    <ClInclude Include="Tile.h">
      <Filter>Header Files\Level2D</Filter>
    </ClInclude>
    <ClInclude Include="Level2D.h">
      <Filter>Header Files\Level2D</Filter>
    </ClInclude>
    <ClInclude Include="GridRenderer2D.h">
      <Filter>Header Files\GameObjects</Filter>
    </ClInclude>
    <ClInclude Include="LineRenderer2D.h">
      <Filter>Header Files\GameObjects</Filter>
    </ClInclude>
    <ClInclude Include="LineRenderer3D.h">
      <Filter>Header Files\GameObjects</Filter>
    </ClInclude>
    <ClInclude Include="GridRenderer3D.h">
      <Filter>Header Files\GameObjects</Filter>
    </ClInclude>
    <ClInclude Include="BillBoardMeshRenderer.h">
      <Filter>Header Files\GameObjects</Filter>
    </ClInclude>
    <ClInclude Include="ModelRenderer.h">
      <Filter>Header Files\GameObjects</Filter>
    </ClInclude>
    <ClInclude Include="SpriteRenderer.h">
      <Filter>Header Files\GameObjects</Filter>
    </ClInclude>
    <ClInclude Include="DepthDebugRenderPass.h">
      <Filter>Header Files\Renderer\RenderPasses</Filter>
    </ClInclude>
    <ClInclude Include="DepthRenderPass.h">
      <Filter>Header Files\Renderer\RenderPasses</Filter>
    </ClInclude>
    <ClInclude Include="MeshRenderer.h">
      <Filter>Header Files\GameObjects</Filter>
    </ClInclude>
    <ClInclude Include="LinePipeline.h">
      <Filter>Header Files</Filter>
    </ClInclude>
    <ClInclude Include="GBufferPipeline.h">
      <Filter>Header Files</Filter>
    </ClInclude>
    <ClInclude Include="WireFramePipeline.h">
      <Filter>Header Files\Renderer\Pipelines</Filter>
    </ClInclude>
    <ClInclude Include="SkyboxPipeline.h">
      <Filter>Header Files\Renderer\Pipelines</Filter>
    </ClInclude>
    <ClInclude Include="Renderer3DPipeline.h">
      <Filter>Header Files\Renderer\Pipelines</Filter>
    </ClInclude>
    <ClInclude Include="Renderer2DPipeline.h">
      <Filter>Header Files\Renderer\Pipelines</Filter>
    </ClInclude>
    <ClInclude Include="PrefilterPipeline.h">
      <Filter>Header Files\Renderer\Pipelines</Filter>
    </ClInclude>
    <ClInclude Include="PBRReflectionPipeline.h">
      <Filter>Header Files\Renderer\Pipelines</Filter>
    </ClInclude>
    <ClInclude Include="OutLinePipeline.h">
      <Filter>Header Files\Renderer\Pipelines</Filter>
    </ClInclude>
    <ClInclude Include="PBRPipeline.h">
      <Filter>Header Files\Renderer\Pipelines</Filter>
    </ClInclude>
    <ClInclude Include="MeshPicker3DPipeline.h">
      <Filter>Header Files\Renderer\Pipelines</Filter>
    </ClInclude>
    <ClInclude Include="MeshPicker2DPipeline.h">
      <Filter>Header Files\Renderer\Pipelines</Filter>
    </ClInclude>
    <ClInclude Include="IrradiancePipeline.h">
      <Filter>Header Files\Renderer\Pipelines</Filter>
    </ClInclude>
    <ClInclude Include="EnvironmentToCubePipeline.h">
      <Filter>Header Files\Renderer\Pipelines</Filter>
    </ClInclude>
    <ClInclude Include="DepthDebugPipeline.h">
      <Filter>Header Files\Renderer\Pipelines</Filter>
    </ClInclude>
    <ClInclude Include="DepthPipeline.h">
      <Filter>Header Files\Renderer\Pipelines</Filter>
    </ClInclude>
    <ClInclude Include="DeferredRendererPipeline.h">
      <Filter>Header Files\Renderer\Pipelines</Filter>
    </ClInclude>
    <ClInclude Include="FrameBufferPipeline.h">
      <Filter>Header Files\Renderer\Pipelines</Filter>
    </ClInclude>
    <ClInclude Include="BRDFPipeline.h">
      <Filter>Header Files\Renderer\Pipelines</Filter>
    </ClInclude>
    <ClInclude Include="BillboardPipeline.h">
      <Filter>Header Files\Renderer\Pipelines</Filter>
    </ClInclude>
    <ClInclude Include="CubeMapSamplerPipeline.h">
      <Filter>Header Files\Renderer\Pipelines</Filter>
    </ClInclude>
    <ClInclude Include="Camera.h">
      <Filter>Header Files\Camera</Filter>
    </ClInclude>
    <ClInclude Include="CubeSamplerCamera.h">
      <Filter>Header Files\Camera</Filter>
    </ClInclude>
    <ClInclude Include="OrthographicCamera.h">
      <Filter>Header Files\Camera</Filter>
    </ClInclude>
    <ClInclude Include="PerspectiveCamera.h">
      <Filter>Header Files\Camera</Filter>
    </ClInclude>
    <ClInclude Include="GameObject3D.h">
      <Filter>Header Files\GameObjects</Filter>
    </ClInclude>
    <ClInclude Include="GameObject.h">
      <Filter>Header Files\GameObjects</Filter>
    </ClInclude>
    <ClInclude Include="GameObject2D.h">
      <Filter>Header Files\GameObjects</Filter>
    </ClInclude>
    <ClInclude Include="DepthCubeMapPipeline.h">
      <Filter>Header Files\Renderer\Pipelines</Filter>
    </ClInclude>
    <ClInclude Include="DepthCubeMapDebuggerRenderer.h">
      <Filter>Header Files\Renderer\RenderPasses</Filter>
    </ClInclude>
    <ClInclude Include="DepthCubeMapRenderer.h">
      <Filter>Header Files\Renderer\RenderPasses</Filter>
    </ClInclude>
    <ClInclude Include="PBRRealTimeRenderer.h">
      <Filter>Header Files\Renderer\Renderers</Filter>
    </ClInclude>
    <ClInclude Include="PBRInstancePipeline.h">
      <Filter>Header Files\Renderer\Pipelines</Filter>
    </ClInclude>
    <ClInclude Include="DepthInstancedPipeline.h">
      <Filter>Header Files\Renderer\Pipelines</Filter>
    </ClInclude>
    <ClInclude Include="Animation3D.h">
      <Filter>Header Files\Animation</Filter>
    </ClInclude>
    <ClInclude Include="AnimationPlayer3D.h">
      <Filter>Header Files\Animation</Filter>
    </ClInclude>
    <ClInclude Include="ComputeAnimationPipeline.h">
      <Filter>Header Files\Renderer\Pipelines</Filter>
    </ClInclude>
    <ClInclude Include="PBRBloomPipeline.h">
      <Filter>Header Files\Renderer\Pipelines</Filter>
    </ClInclude>
    <ClInclude Include="resource.h">
      <Filter>Header Files</Filter>
    </ClInclude>
    <ClInclude Include="BloomCombineRenderPass.h">
      <Filter>Header Files\Renderer\RenderPasses</Filter>
    </ClInclude>
    <ClInclude Include="PBRBloomReflectionRenderPass.h">
      <Filter>Header Files\Renderer\RenderPasses</Filter>
    </ClInclude>
    <ClInclude Include="PBRBloomRenderPass.h">
      <Filter>Header Files\Renderer\RenderPasses</Filter>
    </ClInclude>
    <ClInclude Include="GaussianBlurRenderPass.h">
      <Filter>Header Files\Renderer\RenderPasses</Filter>
    </ClInclude>
    <ClInclude Include="GaussianBlurPipeline.h">
      <Filter>Header Files\Renderer\Pipelines</Filter>
    </ClInclude>
    <ClInclude Include="BloomCombinePipeline.h">
      <Filter>Header Files\Renderer\Pipelines</Filter>
    </ClInclude>
    <ClInclude Include="PBRBloomReflectionPipeline.h">
      <Filter>Header Files\Renderer\Pipelines</Filter>
    </ClInclude>
    <ClInclude Include="PBRInstancedReflectionPipeline.h">
      <Filter>Header Files\Renderer\Pipelines</Filter>
    </ClInclude>
    <ClInclude Include="LightDebugPipeline.h">
      <Filter>Header Files\Renderer\Pipelines</Filter>
    </ClInclude>
    <ClInclude Include="Particle.h">
      <Filter>Header Files\Mesh</Filter>
    </ClInclude>
    <ClInclude Include="CubeToEnvironmentRenderPass.h">
      <Filter>Header Files</Filter>
    </ClInclude>
    <ClInclude Include="CubeToEnvironmentPipeline.h">
      <Filter>Header Files</Filter>
    </ClInclude>
    <ClInclude Include="TextureAtlus.h">
      <Filter>Header Files\Texture</Filter>
    </ClInclude>
    <ClInclude Include="BakedTexture.h">
      <Filter>Header Files\Texture</Filter>
    </ClInclude>
    <ClInclude Include="PBRReflectionPreRenderPass.h">
      <Filter>Header Files</Filter>
    </ClInclude>
    <ClInclude Include="ConsoleLogger.h">
      <Filter>Header Files</Filter>
    </ClInclude>
    <ClInclude Include="PBRBakeReflectionPipeline.h">
      <Filter>Header Files</Filter>
    </ClInclude>
    <ClInclude Include="TextureBaker.h">
      <Filter>Header Files</Filter>
    </ClInclude>
    <ClInclude Include="RayTracePBRRenderPass.h">
      <Filter>Header Files\Renderer\RenderPasses</Filter>
    </ClInclude>
    <ClInclude Include="RayTracePBRRenderer.h">
      <Filter>Header Files\Renderer\Renderers</Filter>
    </ClInclude>
    <ClInclude Include="ConstMeshInfo.h">
      <Filter>Header Files</Filter>
    </ClInclude>
    <ClInclude Include="InstanceMesh.h">
      <Filter>Header Files\Mesh</Filter>
    </ClInclude>
    <ClInclude Include="ParticleSystem.h">
      <Filter>Header Files</Filter>
    </ClInclude>
    <ClInclude Include="ParticalSystemRenderer.h">
      <Filter>Header Files</Filter>
    </ClInclude>
  </ItemGroup>
  <ItemGroup>
    <None Include="..\Shaders\VertexLayout.glsl">
      <Filter>Shader\Include</Filter>
    </None>
    <None Include="..\Shaders\VertexBuilder.glsl">
      <Filter>Shader\Include</Filter>
    </None>
    <None Include="..\Shaders\MeshProperties.glsl">
      <Filter>Shader\Include</Filter>
    </None>
    <None Include="..\Shaders\Lights.glsl">
      <Filter>Shader\Include</Filter>
    </None>
    <None Include="..\Shaders\BillBoardShader.frag">
      <Filter>Shader\RasterizationShaders</Filter>
    </None>
    <None Include="..\Shaders\BillBoardShader.vert">
      <Filter>Shader\RasterizationShaders</Filter>
    </None>
    <None Include="..\Shaders\BRDFShader.vert">
      <Filter>Shader\RasterizationShaders</Filter>
    </None>
    <None Include="..\Shaders\BRDFShader.frag">
      <Filter>Shader\RasterizationShaders</Filter>
    </None>
    <None Include="..\Shaders\CubeMap.frag">
      <Filter>Shader\RasterizationShaders</Filter>
    </None>
    <None Include="..\Shaders\CubeMap.vert">
      <Filter>Shader\RasterizationShaders</Filter>
    </None>
    <None Include="..\Shaders\DeferredRenderer.frag">
      <Filter>Shader\RasterizationShaders</Filter>
    </None>
    <None Include="..\Shaders\DeferredRenderer.vert">
      <Filter>Shader\RasterizationShaders</Filter>
    </None>
    <None Include="..\Shaders\DepthCubeShader.frag">
      <Filter>Shader\RasterizationShaders</Filter>
    </None>
    <None Include="..\Shaders\DepthCubeShader.vert">
      <Filter>Shader\RasterizationShaders</Filter>
    </None>
    <None Include="..\Shaders\DepthDebugShader.frag">
      <Filter>Shader\RasterizationShaders</Filter>
    </None>
    <None Include="..\Shaders\DepthShader.frag">
      <Filter>Shader\RasterizationShaders</Filter>
    </None>
    <None Include="..\Shaders\DepthDebugShader.vert">
      <Filter>Shader\RasterizationShaders</Filter>
    </None>
    <None Include="..\Shaders\DepthShader.vert">
      <Filter>Shader\RasterizationShaders</Filter>
    </None>
    <None Include="..\Shaders\EnvironmentToCubeMap.frag">
      <Filter>Shader\RasterizationShaders</Filter>
    </None>
    <None Include="..\Shaders\EnvironmentToCubeMap.vert">
      <Filter>Shader\RasterizationShaders</Filter>
    </None>
    <None Include="..\Shaders\FrameBuffer.frag">
      <Filter>Shader\RasterizationShaders</Filter>
    </None>
    <None Include="..\Shaders\FrameBuffer.vert">
      <Filter>Shader\RasterizationShaders</Filter>
    </None>
    <None Include="..\Shaders\GBuffer.frag">
      <Filter>Shader\RasterizationShaders</Filter>
    </None>
    <None Include="..\Shaders\GBuffer.vert">
      <Filter>Shader\RasterizationShaders</Filter>
    </None>
    <None Include="..\Shaders\IrradianceShader.frag">
      <Filter>Shader\RasterizationShaders</Filter>
    </None>
    <None Include="..\Shaders\IrradianceShader.vert">
      <Filter>Shader\RasterizationShaders</Filter>
    </None>
    <None Include="..\Shaders\LineRenderer2D.frag">
      <Filter>Shader\RasterizationShaders</Filter>
    </None>
    <None Include="..\Shaders\LineRenderer2D.vert">
      <Filter>Shader\RasterizationShaders</Filter>
    </None>
    <None Include="..\Shaders\LineRenderer3D.frag">
      <Filter>Shader\RasterizationShaders</Filter>
    </None>
    <None Include="..\Shaders\LineRenderer3D.vert">
      <Filter>Shader\RasterizationShaders</Filter>
    </None>
    <None Include="..\Shaders\MeshPicker2D.frag">
      <Filter>Shader\RasterizationShaders</Filter>
    </None>
    <None Include="..\Shaders\MeshPicker2D.vert">
      <Filter>Shader\RasterizationShaders</Filter>
    </None>
    <None Include="..\Shaders\MeshPicker3D.vert">
      <Filter>Shader\RasterizationShaders</Filter>
    </None>
    <None Include="..\Shaders\MeshPicker3D.frag">
      <Filter>Shader\RasterizationShaders</Filter>
    </None>
    <None Include="..\Shaders\OutlineRenderer.frag">
      <Filter>Shader\RasterizationShaders</Filter>
    </None>
    <None Include="..\Shaders\OutlineRenderer.vert">
      <Filter>Shader\RasterizationShaders</Filter>
    </None>
    <None Include="..\Shaders\PBRRenderer.frag">
      <Filter>Shader\RasterizationShaders</Filter>
    </None>
    <None Include="..\Shaders\PBRRenderer.vert">
      <Filter>Shader\RasterizationShaders</Filter>
    </None>
    <None Include="..\Shaders\PrefilterShader.frag">
      <Filter>Shader\RasterizationShaders</Filter>
    </None>
    <None Include="..\Shaders\PrefilterShader.vert">
      <Filter>Shader\RasterizationShaders</Filter>
    </None>
    <None Include="..\Shaders\ReflectionPBRShader.frag">
      <Filter>Shader\RasterizationShaders</Filter>
    </None>
    <None Include="..\Shaders\ReflectionPBRShader.vert">
      <Filter>Shader\RasterizationShaders</Filter>
    </None>
    <None Include="..\Shaders\Renderer2D.frag">
      <Filter>Shader\RasterizationShaders</Filter>
    </None>
    <None Include="..\Shaders\Renderer2D.vert">
      <Filter>Shader\RasterizationShaders</Filter>
    </None>
    <None Include="..\Shaders\Renderer3D.frag">
      <Filter>Shader\RasterizationShaders</Filter>
    </None>
    <None Include="..\Shaders\Renderer3D.vert">
      <Filter>Shader\RasterizationShaders</Filter>
    </None>
    <None Include="..\Shaders\SelectedObjectShader.frag">
      <Filter>Shader\RasterizationShaders</Filter>
    </None>
    <None Include="..\Shaders\SelectedObjectShader.vert">
      <Filter>Shader\RasterizationShaders</Filter>
    </None>
    <None Include="..\Shaders\WireFrameShader.frag">
      <Filter>Shader\RasterizationShaders</Filter>
    </None>
    <None Include="..\Shaders\WireFrameShader.vert">
      <Filter>Shader\RasterizationShaders</Filter>
    </None>
    <None Include="..\Shaders\anyhit.rahit">
      <Filter>Shader\RayTraceShaders</Filter>
    </None>
    <None Include="..\Shaders\anyhit1.rahit">
      <Filter>Shader\RayTraceShaders</Filter>
    </None>
    <None Include="..\Shaders\closesthit.rchit">
      <Filter>Shader\RayTraceShaders</Filter>
    </None>
    <None Include="..\Shaders\hybridclosesthit.rchit">
      <Filter>Shader\RayTraceShaders</Filter>
    </None>
    <None Include="..\Shaders\miss.rmiss">
      <Filter>Shader\RayTraceShaders</Filter>
    </None>
    <None Include="..\Shaders\raygen.rgen">
      <Filter>Shader\RayTraceShaders</Filter>
    </None>
    <None Include="..\Shaders\shadow.rmiss">
      <Filter>Shader\RayTraceShaders</Filter>
    </None>
    <None Include="..\Shaders\compile.bat">
      <Filter>Resource Files</Filter>
    </None>
    <None Include="..\Shaders\CubeMapSampler.frag">
      <Filter>Shader\RasterizationShaders</Filter>
    </None>
    <None Include="..\Shaders\CubeMapSampler.vert">
      <Filter>Shader\RasterizationShaders</Filter>
    </None>
    <None Include="..\Shaders\CubeMapView.frag">
      <Filter>Shader\RasterizationShaders</Filter>
    </None>
    <None Include="..\Shaders\CubeMapView.vert">
      <Filter>Shader\RasterizationShaders</Filter>
    </None>
    <None Include="..\Shaders\PBRInstanceRenderer.frag">
      <Filter>Shader\RasterizationShaders</Filter>
    </None>
    <None Include="..\Shaders\PBRInstanceRenderer.vert">
      <Filter>Shader\RasterizationShaders</Filter>
    </None>
    <None Include="..\Shaders\DepthIntencedShader.frag">
      <Filter>Shader\RasterizationShaders</Filter>
    </None>
    <None Include="..\Shaders\DepthIntencedShader.vert">
      <Filter>Shader\RasterizationShaders</Filter>
    </None>
    <None Include="..\Shaders\BlinnPhoneReflect.vert">
      <Filter>Shader\RasterizationShaders</Filter>
    </None>
    <None Include="..\Shaders\BlinnPhoneReflect.frag">
      <Filter>Shader\RasterizationShaders</Filter>
    </None>
    <None Include="..\Shaders\ReflectionPBRInstanceShader.vert">
      <Filter>Shader\RasterizationShaders</Filter>
    </None>
    <None Include="..\Shaders\ReflectionPBRInstanceShader.frag">
      <Filter>Shader\RasterizationShaders</Filter>
    </None>
    <None Include="..\Shaders\animate.comp">
      <Filter>Shader\ComputeShaders</Filter>
    </None>
    <None Include="..\Shaders\PBRBloomRenderer.frag">
      <Filter>Shader\RasterizationShaders</Filter>
    </None>
    <None Include="..\Shaders\PBRBloomRenderer.vert">
      <Filter>Shader\RasterizationShaders</Filter>
    </None>
    <None Include="..\Shaders\AdditionShader.frag">
      <Filter>Shader\RasterizationShaders</Filter>
    </None>
    <None Include="..\Shaders\AdditionShader.vert">
      <Filter>Shader\RasterizationShaders</Filter>
    </None>
    <None Include="..\Shaders\GaussianBlur.frag">
      <Filter>Shader\RasterizationShaders</Filter>
    </None>
    <None Include="..\Shaders\GaussianBlur.vert">
      <Filter>Shader\RasterizationShaders</Filter>
    </None>
    <None Include="..\Shaders\LightDebugShader.frag">
      <Filter>Shader\RasterizationShaders</Filter>
    </None>
    <None Include="..\Shaders\LightDebugShader.vert">
      <Filter>Shader\RasterizationShaders</Filter>
    </None>
    <None Include="..\Shaders\CubeMapToEnvironment.frag">
      <Filter>Shader\RasterizationShaders</Filter>
    </None>
    <None Include="..\Shaders\CubeMapToEnvironment.vert">
      <Filter>Shader\RasterizationShaders</Filter>
    </None>
    <None Include="..\Shaders\BakeReflectionPBRShader.frag">
      <Filter>Shader\RasterizationShaders</Filter>
    </None>
    <None Include="..\Shaders\BakeReflectionPBRShader.vert">
      <Filter>Shader\RasterizationShaders</Filter>
    </None>
    <None Include="..\Shaders\pbrclosesthit.rchit">
      <Filter>Shader\RayTraceShaders</Filter>
    </None>
    <None Include="..\Shaders\RTXRandom.glsl">
      <Filter>Shader\Include</Filter>
    </None>
    <None Include="..\Shaders\RTXPayload.glsl">
      <Filter>Shader\Include</Filter>
    </None>
    <None Include="..\Shaders\SceneData.glsl">
      <Filter>Shader\Include</Filter>
    </None>
    <None Include="..\Shaders\animateParticles.comp">
      <Filter>Shader\ComputeShaders</Filter>
    </None>
    <None Include="..\Shaders\ParticleShader.frag">
      <Filter>Shader\RasterizationShaders</Filter>
    </None>
    <None Include="..\Shaders\ParticleShader.vert">
      <Filter>Shader\RasterizationShaders</Filter>
    </None>
    <None Include="..\Shaders\PBRBindingLayout.glsl">
      <Filter>Shader\Include</Filter>
    </None>
    <None Include="..\Shaders\PBRMaterial.glsl">
      <Filter>Shader\Include</Filter>
    </None>
    <None Include="..\Shaders\MaterialProperties.glsl">
      <Filter>Shader\Include</Filter>
    </None>
  </ItemGroup>
  <ItemGroup>
    <ResourceCompile Include="EclipseEngine.rc">
      <Filter>Resource Files</Filter>
    </ResourceCompile>
  </ItemGroup>
</Project>