<?xml version="1.0" encoding="utf-8"?>
<Project ToolsVersion="4.0" xmlns="http://schemas.microsoft.com/developer/msbuild/2003">
  <ItemGroup>
    <Filter Include="Source Files">
      <UniqueIdentifier>{4FC737F1-C7A5-4376-A066-2A32D752A2FF}</UniqueIdentifier>
      <Extensions>cpp;c;cc;cxx;c++;cppm;ixx;def;odl;idl;hpj;bat;asm;asmx</Extensions>
    </Filter>
    <Filter Include="Header Files">
      <UniqueIdentifier>{93995380-89BD-4b04-88EB-625FBE52EBFB}</UniqueIdentifier>
      <Extensions>h;hh;hpp;hxx;h++;hm;inl;inc;ipp;xsd</Extensions>
    </Filter>
    <Filter Include="Resource Files">
      <UniqueIdentifier>{67DA6AB6-F800-4c08-8B7A-83BB121AAD01}</UniqueIdentifier>
      <Extensions>rc;ico;cur;bmp;dlg;rc2;rct;bin;rgs;gif;jpg;jpeg;jpe;resx;tiff;tif;png;wav;mfcribbon-ms</Extensions>
    </Filter>
    <Filter Include="Source Files\Renderer">
      <UniqueIdentifier>{1eb3de07-7f21-4da9-9c02-d1ff8298e43f}</UniqueIdentifier>
    </Filter>
    <Filter Include="Header Files\Renderer">
      <UniqueIdentifier>{fcac44da-ff7a-4cf0-bcd7-35062aa72647}</UniqueIdentifier>
    </Filter>
    <Filter Include="ImGui">
      <UniqueIdentifier>{b878dece-2d7b-4f47-a21c-c6e514e6c6c3}</UniqueIdentifier>
    </Filter>
    <Filter Include="Source Files\Renderer\RenderPasses">
      <UniqueIdentifier>{d7f7ad42-2438-44de-8b79-1c3c14ab5860}</UniqueIdentifier>
    </Filter>
    <Filter Include="Header Files\Renderer\RenderPasses">
      <UniqueIdentifier>{73340531-8121-481d-bc01-0df7bbf57b60}</UniqueIdentifier>
    </Filter>
    <Filter Include="Shader">
      <UniqueIdentifier>{ec01a51f-24fa-4ab8-a44b-be1bbbbf72f2}</UniqueIdentifier>
    </Filter>
    <Filter Include="Source Files\Renderer\Pipelines">
      <UniqueIdentifier>{694e9ec6-f3da-4165-b899-12571c75cf53}</UniqueIdentifier>
    </Filter>
    <Filter Include="Header Files\Renderer\Pipelines">
      <UniqueIdentifier>{ef239eea-81e2-4408-841f-9fb0d30d2156}</UniqueIdentifier>
    </Filter>
    <Filter Include="Source Files\Components">
      <UniqueIdentifier>{914c0408-6111-4474-afbd-db2ed48318cb}</UniqueIdentifier>
    </Filter>
    <Filter Include="Header Files\Components">
      <UniqueIdentifier>{97337bc2-e46c-4edf-98fe-e1745c1a65c3}</UniqueIdentifier>
    </Filter>
    <Filter Include="Shader\Include">
      <UniqueIdentifier>{f6cdc130-742c-4249-a076-407576bf962c}</UniqueIdentifier>
    </Filter>
    <Filter Include="Header Files\Managers">
      <UniqueIdentifier>{132a5d9a-9222-474c-ae00-ecb37bbf8ce0}</UniqueIdentifier>
    </Filter>
    <Filter Include="Source Files\Managers">
      <UniqueIdentifier>{2343821a-2587-4a55-b630-169164832903}</UniqueIdentifier>
    </Filter>
    <Filter Include="Shader\RayTraceShaders">
      <UniqueIdentifier>{04a36797-d126-4b4c-9f49-aa71a372337a}</UniqueIdentifier>
    </Filter>
    <Filter Include="Shader\RasterizationShaders">
      <UniqueIdentifier>{7e0a75e5-6c1e-4f28-946e-a5affa985a24}</UniqueIdentifier>
    </Filter>
    <Filter Include="Source Files\Animation">
      <UniqueIdentifier>{b69665f8-63e2-4ce7-b0dd-8c7ceb5f7ec4}</UniqueIdentifier>
    </Filter>
    <Filter Include="Header Files\Animation">
      <UniqueIdentifier>{c986aa8a-9850-458e-9bb5-ba22ee19b3ba}</UniqueIdentifier>
    </Filter>
    <Filter Include="Source Files\Texture">
      <UniqueIdentifier>{a7c9e716-2e17-4fc4-983f-8fddedeee147}</UniqueIdentifier>
    </Filter>
    <Filter Include="Header Files\Texture">
      <UniqueIdentifier>{d76f5dc7-a11a-466a-ab4c-f03a79275423}</UniqueIdentifier>
    </Filter>
  </ItemGroup>
  <ItemGroup>
    <ClCompile Include="Main.cpp">
      <Filter>Source Files</Filter>
    </ClCompile>
    <ClCompile Include="VulkanRenderer.cpp">
      <Filter>Source Files\Renderer</Filter>
    </ClCompile>
    <ClCompile Include="VulkanSwapChain.cpp">
      <Filter>Source Files\Renderer</Filter>
    </ClCompile>
    <ClCompile Include="Scene.cpp">
      <Filter>Source Files\Renderer</Filter>
    </ClCompile>
    <ClCompile Include="RenderBatch2D.cpp">
      <Filter>Source Files\Renderer</Filter>
    </ClCompile>
    <ClCompile Include="InterfaceRenderPass.cpp">
      <Filter>Source Files\Renderer\RenderPasses</Filter>
    </ClCompile>
    <ClCompile Include="RenderPass.cpp">
      <Filter>Source Files\Renderer\RenderPasses</Filter>
    </ClCompile>
    <ClCompile Include="FrameBufferRenderPass.cpp">
      <Filter>Source Files\Renderer\RenderPasses</Filter>
    </ClCompile>
    <ClCompile Include="VulkanBuffer.cpp">
      <Filter>Source Files\Renderer</Filter>
    </ClCompile>
    <ClCompile Include="VulkanDebugger.cpp">
      <Filter>Source Files\Renderer</Filter>
    </ClCompile>
    <ClCompile Include="GraphicsPipeline.cpp">
      <Filter>Source Files\Renderer\Pipelines</Filter>
    </ClCompile>
    <ClCompile Include="RenderPass2D.cpp">
      <Filter>Source Files\Renderer\RenderPasses</Filter>
    </ClCompile>
    <ClCompile Include="Camera.cpp">
      <Filter>Source Files</Filter>
    </ClCompile>
    <ClCompile Include="OrthographicCamera.cpp">
      <Filter>Source Files</Filter>
    </ClCompile>
    <ClCompile Include="PerspectiveCamera.cpp">
      <Filter>Source Files</Filter>
    </ClCompile>
    <ClCompile Include="GameObject.cpp">
      <Filter>Source Files</Filter>
    </ClCompile>
    <ClCompile Include="MeshRenderer.cpp">
      <Filter>Source Files\Components</Filter>
    </ClCompile>
    <ClCompile Include="SpriteRenderer.cpp">
      <Filter>Source Files\Components</Filter>
    </ClCompile>
    <ClCompile Include="Component.cpp">
      <Filter>Source Files\Components</Filter>
    </ClCompile>
    <ClCompile Include="ImGui\imgui.cpp">
      <Filter>ImGui</Filter>
    </ClCompile>
    <ClCompile Include="ImGui\imgui_demo.cpp">
      <Filter>ImGui</Filter>
    </ClCompile>
    <ClCompile Include="ImGui\imgui_draw.cpp">
      <Filter>ImGui</Filter>
    </ClCompile>
    <ClCompile Include="ImGui\imgui_impl_glfw.cpp">
      <Filter>ImGui</Filter>
    </ClCompile>
    <ClCompile Include="ImGui\imgui_impl_vulkan.cpp">
      <Filter>ImGui</Filter>
    </ClCompile>
    <ClCompile Include="ImGui\imgui_tables.cpp">
      <Filter>ImGui</Filter>
    </ClCompile>
    <ClCompile Include="ImGui\imgui_widgets.cpp">
      <Filter>ImGui</Filter>
    </ClCompile>
    <ClCompile Include="Mesh.cpp">
      <Filter>Source Files</Filter>
    </ClCompile>
    <ClCompile Include="BlinnPhongRenderPass.cpp">
      <Filter>Source Files\Renderer\RenderPasses</Filter>
    </ClCompile>
    <ClCompile Include="ComponentRenderer.cpp">
      <Filter>Source Files\Components</Filter>
    </ClCompile>
    <ClCompile Include="Renderer2D.cpp">
      <Filter>Source Files\Renderer</Filter>
    </ClCompile>
    <ClCompile Include="Material.cpp">
      <Filter>Source Files</Filter>
    </ClCompile>
    <ClCompile Include="TextureManager.cpp">
      <Filter>Source Files\Managers</Filter>
    </ClCompile>
    <ClCompile Include="MaterialManager.cpp">
      <Filter>Source Files\Managers</Filter>
    </ClCompile>
    <ClCompile Include="BlinnPhongRenderer.cpp">
      <Filter>Source Files\Renderer</Filter>
    </ClCompile>
    <ClCompile Include="AccelerationStructureBuffer.cpp">
      <Filter>Source Files</Filter>
    </ClCompile>
    <ClCompile Include="RayTraceRenderer.cpp">
      <Filter>Source Files\Renderer</Filter>
    </ClCompile>
    <ClCompile Include="RayTraceRenderPass.cpp">
      <Filter>Source Files\Renderer\RenderPasses</Filter>
    </ClCompile>
    <ClCompile Include="LineRenderer.cpp">
      <Filter>Source Files\Components</Filter>
    </ClCompile>
    <ClCompile Include="RayTracingPipeline.cpp">
      <Filter>Source Files\Renderer\Pipelines</Filter>
    </ClCompile>
    <ClCompile Include="FrameBufferPipeline.cpp">
      <Filter>Source Files\Renderer\Pipelines</Filter>
    </ClCompile>
    <ClCompile Include="Model.cpp">
      <Filter>Source Files</Filter>
    </ClCompile>
    <ClCompile Include="Bone.cpp">
      <Filter>Source Files\Animation</Filter>
    </ClCompile>
    <ClCompile Include="MeshRendererManager.cpp">
      <Filter>Source Files\Managers</Filter>
    </ClCompile>
    <ClCompile Include="ModelManager.cpp">
      <Filter>Source Files\Managers</Filter>
    </ClCompile>
    <ClCompile Include="MeshPickerRenderPass3D.cpp">
      <Filter>Source Files\Renderer\RenderPasses</Filter>
    </ClCompile>
    <ClCompile Include="MeshPickerRenderPass2D.cpp">
      <Filter>Source Files\Renderer\RenderPasses</Filter>
    </ClCompile>
    <ClCompile Include="Texture2D.cpp">
      <Filter>Source Files\Texture</Filter>
    </ClCompile>
    <ClCompile Include="ReadableTexture.cpp">
      <Filter>Source Files\Texture</Filter>
    </ClCompile>
    <ClCompile Include="RenderedColorTexture.cpp">
      <Filter>Source Files\Texture</Filter>
    </ClCompile>
    <ClCompile Include="RenderedDepthTexture.cpp">
      <Filter>Source Files\Texture</Filter>
    </ClCompile>
    <ClCompile Include="RenderedTexture.cpp">
      <Filter>Source Files\Texture</Filter>
    </ClCompile>
    <ClCompile Include="Texture.cpp">
      <Filter>Source Files\Texture</Filter>
    </ClCompile>
  </ItemGroup>
  <ItemGroup>
    <ClInclude Include="Window.h">
      <Filter>Header Files</Filter>
    </ClInclude>
    <ClInclude Include="Keyboard.h">
      <Filter>Header Files</Filter>
    </ClInclude>
    <ClInclude Include="Mouse.h">
      <Filter>Header Files</Filter>
    </ClInclude>
    <ClInclude Include="GameController.h">
      <Filter>Header Files</Filter>
    </ClInclude>
    <ClInclude Include="VulkanRenderer.h">
      <Filter>Header Files\Renderer</Filter>
    </ClInclude>
    <ClInclude Include="VulkanDebugger.h">
      <Filter>Header Files</Filter>
    </ClInclude>
    <ClInclude Include="GraphicsDevice.h">
      <Filter>Header Files\Renderer</Filter>
    </ClInclude>
    <ClInclude Include="VulkanSwapChain.h">
      <Filter>Header Files\Renderer</Filter>
    </ClInclude>
    <ClInclude Include="Scene.h">
      <Filter>Header Files\Renderer</Filter>
    </ClInclude>
    <ClInclude Include="RenderBatch2D.h">
      <Filter>Header Files\Renderer</Filter>
    </ClInclude>
    <ClInclude Include="InterfaceRenderPass.h">
      <Filter>Header Files\Renderer\RenderPasses</Filter>
    </ClInclude>
    <ClInclude Include="VulkanBuffer.h">
      <Filter>Header Files</Filter>
    </ClInclude>
    <ClInclude Include="UniformBuffer.h">
      <Filter>Header Files\Renderer</Filter>
    </ClInclude>
    <ClInclude Include="Vertex.h">
      <Filter>Header Files</Filter>
    </ClInclude>
    <ClInclude Include="Pixel.h">
      <Filter>Header Files</Filter>
    </ClInclude>
    <ClInclude Include="RenderPass.h">
      <Filter>Header Files\Renderer\RenderPasses</Filter>
    </ClInclude>
    <ClInclude Include="FrameBufferRenderPass.h">
      <Filter>Header Files\Renderer\RenderPasses</Filter>
    </ClInclude>
    <ClInclude Include="GraphicsPipeline.h">
      <Filter>Header Files\Renderer\Pipelines</Filter>
    </ClInclude>
    <ClInclude Include="Camera.h">
      <Filter>Header Files</Filter>
    </ClInclude>
    <ClInclude Include="OrthographicCamera.h">
      <Filter>Header Files</Filter>
    </ClInclude>
    <ClInclude Include="PerspectiveCamera.h">
      <Filter>Header Files</Filter>
    </ClInclude>
    <ClInclude Include="GameObject.h">
      <Filter>Header Files</Filter>
    </ClInclude>
    <ClInclude Include="MeshRenderer.h">
      <Filter>Header Files\Components</Filter>
    </ClInclude>
    <ClInclude Include="SpriteRenderer.h">
      <Filter>Header Files\Components</Filter>
    </ClInclude>
    <ClInclude Include="Component.h">
      <Filter>Header Files\Components</Filter>
    </ClInclude>
    <ClInclude Include="ImGui\imconfig.h">
      <Filter>ImGui</Filter>
    </ClInclude>
    <ClInclude Include="ImGui\imgui.h">
      <Filter>ImGui</Filter>
    </ClInclude>
    <ClInclude Include="ImGui\imgui_impl_glfw.h">
      <Filter>ImGui</Filter>
    </ClInclude>
    <ClInclude Include="ImGui\imgui_impl_vulkan.h">
      <Filter>ImGui</Filter>
    </ClInclude>
    <ClInclude Include="ImGui\imgui_internal.h">
      <Filter>ImGui</Filter>
    </ClInclude>
    <ClInclude Include="ImGui\imstb_rectpack.h">
      <Filter>ImGui</Filter>
    </ClInclude>
    <ClInclude Include="ImGui\imstb_textedit.h">
      <Filter>ImGui</Filter>
    </ClInclude>
    <ClInclude Include="ImGui\imstb_truetype.h">
      <Filter>ImGui</Filter>
    </ClInclude>
    <ClInclude Include="Transform3D.h">
      <Filter>Header Files\Components</Filter>
    </ClInclude>
    <ClInclude Include="Mesh.h">
      <Filter>Header Files</Filter>
    </ClInclude>
    <ClInclude Include="glmExtension.h">
      <Filter>Header Files</Filter>
    </ClInclude>
    <ClInclude Include="ComponentRenderer.h">
      <Filter>Header Files\Components</Filter>
    </ClInclude>
    <ClInclude Include="TextureManager.h">
      <Filter>Header Files\Managers</Filter>
    </ClInclude>
    <ClInclude Include="GameObjectManager.h">
      <Filter>Header Files\Managers</Filter>
    </ClInclude>
    <ClInclude Include="Material.h">
      <Filter>Header Files</Filter>
    </ClInclude>
    <ClInclude Include="MaterialManager.h">
      <Filter>Header Files\Managers</Filter>
    </ClInclude>
    <ClInclude Include="Transform2D.h">
      <Filter>Header Files\Components</Filter>
    </ClInclude>
    <ClInclude Include="AccelerationStructureBuffer.h">
      <Filter>Header Files</Filter>
    </ClInclude>
    <ClInclude Include="Math.h">
      <Filter>Header Files</Filter>
    </ClInclude>
    <ClInclude Include="JsonHelper.h">
      <Filter>Header Files</Filter>
    </ClInclude>
    <ClInclude Include="LineRenderer.h">
      <Filter>Header Files\Components</Filter>
    </ClInclude>
    <ClInclude Include="BlinnPhongRenderPass.h">
      <Filter>Header Files\Renderer\RenderPasses</Filter>
    </ClInclude>
    <ClInclude Include="BlinnPhongRenderer.h">
      <Filter>Header Files\Renderer</Filter>
    </ClInclude>
    <ClInclude Include="RayTracingPipeline.h">
      <Filter>Header Files\Renderer\Pipelines</Filter>
    </ClInclude>
    <ClInclude Include="RayTraceRenderPass.h">
      <Filter>Header Files\Renderer\RenderPasses</Filter>
    </ClInclude>
    <ClInclude Include="RenderPass2D.h">
      <Filter>Header Files\Renderer\RenderPasses</Filter>
    </ClInclude>
    <ClInclude Include="FrameBufferPipeline.h">
      <Filter>Header Files\Renderer\Pipelines</Filter>
    </ClInclude>
    <ClInclude Include="Model.h">
      <Filter>Header Files</Filter>
    </ClInclude>
    <ClInclude Include="Bone.h">
      <Filter>Header Files\Animation</Filter>
    </ClInclude>
    <ClInclude Include="Converters.h">
      <Filter>Header Files</Filter>
    </ClInclude>
    <ClInclude Include="Transform.h">
      <Filter>Header Files\Components</Filter>
    </ClInclude>
    <ClInclude Include="MeshRendererManager.h">
      <Filter>Header Files\Managers</Filter>
    </ClInclude>
    <ClInclude Include="ModelManager.h">
      <Filter>Header Files\Managers</Filter>
    </ClInclude>
    <ClInclude Include="MeshPickerRenderPass3D.h">
      <Filter>Header Files\Renderer\RenderPasses</Filter>
    </ClInclude>
    <ClInclude Include="MeshPickerRenderPass2D.h">
      <Filter>Header Files\Renderer\RenderPasses</Filter>
    </ClInclude>
    <ClInclude Include="Texture2D.h">
      <Filter>Header Files\Texture</Filter>
    </ClInclude>
    <ClInclude Include="RenderedColorTexture.h">
      <Filter>Header Files\Texture</Filter>
    </ClInclude>
    <ClInclude Include="RenderedDepthTexture.h">
      <Filter>Header Files\Texture</Filter>
    </ClInclude>
    <ClInclude Include="RenderedTexture.h">
      <Filter>Header Files\Texture</Filter>
    </ClInclude>
    <ClInclude Include="Renderer2D.h">
      <Filter>Header Files\Texture</Filter>
    </ClInclude>
    <ClInclude Include="Texture.h">
      <Filter>Header Files\Texture</Filter>
    </ClInclude>
    <ClInclude Include="ReadableTexture.h">
      <Filter>Header Files\Texture</Filter>
    </ClInclude>
    <ClInclude Include="RayTraceRenderer.h">
      <Filter>Header Files\Renderer</Filter>
    </ClInclude>
  </ItemGroup>
  <ItemGroup>
    <None Include="Shaders\compile.bat">
      <Filter>Resource Files</Filter>
    </None>
    <None Include="Shaders\MeshProperties.glsl">
      <Filter>Shader\Include</Filter>
    </None>
    <None Include="Shaders\anyhit.rahit">
      <Filter>Shader\RayTraceShaders</Filter>
    </None>
    <None Include="Shaders\anyhit1.rahit">
      <Filter>Shader\RayTraceShaders</Filter>
    </None>
    <None Include="Shaders\miss.rmiss">
      <Filter>Shader\RayTraceShaders</Filter>
    </None>
    <None Include="Shaders\raygen.rgen">
      <Filter>Shader\RayTraceShaders</Filter>
    </None>
    <None Include="Shaders\shadow.rmiss">
      <Filter>Shader\RayTraceShaders</Filter>
    </None>
    <None Include="Shaders\FrameBuffer.frag">
      <Filter>Shader\RasterizationShaders</Filter>
    </None>
    <None Include="Shaders\FrameBuffer.vert">
      <Filter>Shader\RasterizationShaders</Filter>
    </None>
    <None Include="Shaders\Renderer2D.frag">
      <Filter>Shader\RasterizationShaders</Filter>
    </None>
    <None Include="Shaders\Renderer2D.vert">
      <Filter>Shader\RasterizationShaders</Filter>
    </None>
    <None Include="Shaders\Renderer3D.frag">
      <Filter>Shader\RasterizationShaders</Filter>
    </None>
    <None Include="Shaders\Renderer3D.vert">
      <Filter>Shader\RasterizationShaders</Filter>
    </None>
    <None Include="Shaders\closesthit.rchit">
      <Filter>Shader\RayTraceShaders</Filter>
    </None>
    <None Include="Shaders\LineRendererShader.frag">
      <Filter>Shader\RasterizationShaders</Filter>
    </None>
    <None Include="Shaders\LineRendererShader.vert">
      <Filter>Shader\RasterizationShaders</Filter>
    </None>
    <None Include="Shaders\WireFrameShader.frag">
      <Filter>Shader\RasterizationShaders</Filter>
    </None>
    <None Include="Shaders\WireFrameShader.vert">
      <Filter>Shader\RasterizationShaders</Filter>
    </None>
    <None Include="Shaders\MeshPicker2D.frag">
      <Filter>Shader\RasterizationShaders</Filter>
    </None>
    <None Include="Shaders\MeshPicker2D.vert">
      <Filter>Shader\RasterizationShaders</Filter>
    </None>
    <None Include="Shaders\MeshPicker3D.frag">
      <Filter>Shader\RasterizationShaders</Filter>
    </None>
    <None Include="Shaders\MeshPicker3D.vert">
      <Filter>Shader\RasterizationShaders</Filter>
    </None>
  </ItemGroup>
</Project>